
Microsoft Visual Studio Solution File, Format Version 12.00
# Visual Studio Version 17
VisualStudioVersion = 17.11.35208.52
MinimumVisualStudioVersion = 10.0.40219.1
Project("{FAE04EC0-301F-11D3-BF4B-00C04F79EFBC}") = "KamilaReveloExamenProgreso1", "KamilaReveloExamenProgreso1.csproj", "{A3AFEE72-6477-4844-8C8F-1C912F9D77AD}"
EndProject
Global
	GlobalSection(SolutionConfigurationPlatforms) = preSolution
		Debug|Any CPU = Debug|Any CPU
		Release|Any CPU = Release|Any CPU
	EndGlobalSection
	GlobalSection(ProjectConfigurationPlatforms) = postSolution
		{A3AFEE72-6477-4844-8C8F-1C912F9D77AD}.Debug|Any CPU.ActiveCfg = Debug|Any CPU
		{A3AFEE72-6477-4844-8C8F-1C912F9D77AD}.Debug|Any CPU.Build.0 = Debug|Any CPU
		{A3AFEE72-6477-4844-8C8F-1C912F9D77AD}.Release|Any CPU.ActiveCfg = Release|Any CPU
		{A3AFEE72-6477-4844-8C8F-1C912F9D77AD}.Release|Any CPU.Build.0 = Release|Any CPU
	EndGlobalSection
	GlobalSection(SolutionProperties) = preSolution
		HideSolutionNode = FALSE
	EndGlobalSection
	GlobalSection(ExtensibilityGlobals) = postSolution
		SolutionGuid = {785819C8-A12C-4580-B4FC-68898B576D26}
	EndGlobalSection
EndGlobal
